
Microsoft Visual Studio Solution File, Format Version 12.00
# Visual Studio Version 17
VisualStudioVersion = 17.0.31825.309
MinimumVisualStudioVersion = 10.0.40219.1
Project("{FAE04EC0-301F-11D3-BF4B-00C04F79EFBC}") = "AltysTestTask.Map", "AltysTestTask\AltysTestTask.Map.csproj", "{10AD3028-A4CF-4C40-AD62-290FE1AA3497}"
EndProject
Project("{FAE04EC0-301F-11D3-BF4B-00C04F79EFBC}") = "AltysTestTask.Fold", "AltysTestTask.Fold\AltysTestTask.Fold.csproj", "{545531B7-4AFB-4CCD-897F-7D245E820DD6}"
EndProject
Project("{FAE04EC0-301F-11D3-BF4B-00C04F79EFBC}") = "AltyTestingTask.MapByFold", "AltyTestingTask.MapByFold\AltyTestingTask.MapByFold.csproj", "{D9CE34C6-CFB0-4620-A871-A9D0CE430955}"
EndProject
Global
	GlobalSection(SolutionConfigurationPlatforms) = preSolution
		Debug|Any CPU = Debug|Any CPU
		Release|Any CPU = Release|Any CPU
	EndGlobalSection
	GlobalSection(ProjectConfigurationPlatforms) = postSolution
		{10AD3028-A4CF-4C40-AD62-290FE1AA3497}.Debug|Any CPU.ActiveCfg = Debug|Any CPU
		{10AD3028-A4CF-4C40-AD62-290FE1AA3497}.Debug|Any CPU.Build.0 = Debug|Any CPU
		{10AD3028-A4CF-4C40-AD62-290FE1AA3497}.Release|Any CPU.ActiveCfg = Release|Any CPU
		{10AD3028-A4CF-4C40-AD62-290FE1AA3497}.Release|Any CPU.Build.0 = Release|Any CPU
		{545531B7-4AFB-4CCD-897F-7D245E820DD6}.Debug|Any CPU.ActiveCfg = Debug|Any CPU
		{545531B7-4AFB-4CCD-897F-7D245E820DD6}.Debug|Any CPU.Build.0 = Debug|Any CPU
		{545531B7-4AFB-4CCD-897F-7D245E820DD6}.Release|Any CPU.ActiveCfg = Release|Any CPU
		{545531B7-4AFB-4CCD-897F-7D245E820DD6}.Release|Any CPU.Build.0 = Release|Any CPU
		{D9CE34C6-CFB0-4620-A871-A9D0CE430955}.Debug|Any CPU.ActiveCfg = Debug|Any CPU
		{D9CE34C6-CFB0-4620-A871-A9D0CE430955}.Debug|Any CPU.Build.0 = Debug|Any CPU
		{D9CE34C6-CFB0-4620-A871-A9D0CE430955}.Release|Any CPU.ActiveCfg = Release|Any CPU
		{D9CE34C6-CFB0-4620-A871-A9D0CE430955}.Release|Any CPU.Build.0 = Release|Any CPU
	EndGlobalSection
	GlobalSection(SolutionProperties) = preSolution
		HideSolutionNode = FALSE
	EndGlobalSection
	GlobalSection(ExtensibilityGlobals) = postSolution
		SolutionGuid = {CBFA0F14-01A2-44F2-9648-15993C1EEB85}
	EndGlobalSection
EndGlobal
